
Microsoft Visual Studio Solution File, Format Version 12.00
# Visual Studio Version 16
VisualStudioVersion = 16.0.31515.178
MinimumVisualStudioVersion = 10.0.40219.1
Project("{FAE04EC0-301F-11D3-BF4B-00C04F79EFBC}") = "Sudoku Solver", "Sudoku Solver\Sudoku Solver.csproj", "{46C191DE-F5E3-4F70-9480-3D525ABAA6EC}"
EndProject
Global
	GlobalSection(SolutionConfigurationPlatforms) = preSolution
		Debug|Any CPU = Debug|Any CPU
		Release|Any CPU = Release|Any CPU
	EndGlobalSection
	GlobalSection(ProjectConfigurationPlatforms) = postSolution
		{46C191DE-F5E3-4F70-9480-3D525ABAA6EC}.Debug|Any CPU.ActiveCfg = Debug|Any CPU
		{46C191DE-F5E3-4F70-9480-3D525ABAA6EC}.Debug|Any CPU.Build.0 = Debug|Any CPU
		{46C191DE-F5E3-4F70-9480-3D525ABAA6EC}.Release|Any CPU.ActiveCfg = Release|Any CPU
		{46C191DE-F5E3-4F70-9480-3D525ABAA6EC}.Release|Any CPU.Build.0 = Release|Any CPU
	EndGlobalSection
	GlobalSection(SolutionProperties) = preSolution
		HideSolutionNode = FALSE
	EndGlobalSection
	GlobalSection(ExtensibilityGlobals) = postSolution
		SolutionGuid = {7AABD07B-9F4A-487A-8CBE-DED1F1795FB8}
	EndGlobalSection
EndGlobal
